
Microsoft Visual Studio Solution File, Format Version 12.00
# Visual Studio Version 17
VisualStudioVersion = 17.8.34330.188
MinimumVisualStudioVersion = 10.0.40219.1
Project("{2150E333-8FDC-42A3-9474-1A3956D46DE8}") = "Domain", "Domain", "{FFD3A595-DD1C-444E-9BF9-94942F2677C4}"
EndProject
Project("{2150E333-8FDC-42A3-9474-1A3956D46DE8}") = "Infra.Bus", "Infra.Bus", "{6E7E6564-A310-43B5-BEAF-AF3914D22580}"
EndProject
Project("{2150E333-8FDC-42A3-9474-1A3956D46DE8}") = "Infra.IoC", "Infra.IoC", "{EEE5643B-E8A4-431B-B885-FCCE16AA6110}"
EndProject
Project("{2150E333-8FDC-42A3-9474-1A3956D46DE8}") = "Microservices", "Microservices", "{4BA11742-9E5E-4C38-AB0C-AC7E90D34A89}"
EndProject
Project("{9A19103F-16F7-4668-BE54-9A1E7A4F7556}") = "MicroRabbit.Domain.Core", "MicroRabbit.Domain.Core\MicroRabbit.Domain.Core.csproj", "{9EF9FEFE-D4CF-4302-B8F3-74376A4555BD}"
EndProject
Project("{FAE04EC0-301F-11D3-BF4B-00C04F79EFBC}") = "MicroRabbit.Infa.Bus", "MicroRabbit.Infa.Bus\MicroRabbit.Infa.Bus.csproj", "{F37FB08D-7338-48E3-BD77-D9C6282A0EA0}"
EndProject
Project("{FAE04EC0-301F-11D3-BF4B-00C04F79EFBC}") = "RabbitMQ.Infra.IoC", "RabbitMQ.Infra.IoC\RabbitMQ.Infra.IoC.csproj", "{23A8DCAE-1835-4C43-89C8-A968FE9539E7}"
EndProject
Project("{2150E333-8FDC-42A3-9474-1A3956D46DE8}") = "Banking", "Banking", "{8199DABF-97B3-42B1-9979-250BBC626EB3}"
EndProject
Project("{2150E333-8FDC-42A3-9474-1A3956D46DE8}") = "Api", "Api", "{CFAE43A2-0261-4E58-8194-FD6E33B4218D}"
EndProject
Project("{2150E333-8FDC-42A3-9474-1A3956D46DE8}") = "Application", "Application", "{A0E44DD0-9204-4299-913B-7CDF32D3316C}"
EndProject
Project("{2150E333-8FDC-42A3-9474-1A3956D46DE8}") = "Domain", "Domain", "{9599FD4A-DCF6-40EF-B3D8-487023F4A698}"
EndProject
Project("{2150E333-8FDC-42A3-9474-1A3956D46DE8}") = "Data", "Data", "{9EA36F6A-257B-47A6-A5F1-BE26460CACA9}"
EndProject
Project("{FAE04EC0-301F-11D3-BF4B-00C04F79EFBC}") = "MicroRabbitMQ.Banking.Api", "MicroRabbitMQ.Banking.Api\MicroRabbitMQ.Banking.Api.csproj", "{B83F22BF-A5BC-412F-A8DE-59BEBBF39F31}"
EndProject
Project("{FAE04EC0-301F-11D3-BF4B-00C04F79EFBC}") = "MicroRabbitMQ.Banking.Application", "MicroRabbitMQ.Banking.Application\MicroRabbitMQ.Banking.Application.csproj", "{E6813805-E2B5-4102-BB7A-0E737A577614}"
EndProject
Project("{FAE04EC0-301F-11D3-BF4B-00C04F79EFBC}") = "MicroRabbitMQ.Banking.Data", "MicroRabbitMQ.Banking.Data\MicroRabbitMQ.Banking.Data.csproj", "{7BA351FB-34E0-4F3A-B038-BB2581F9F70A}"
EndProject
Project("{FAE04EC0-301F-11D3-BF4B-00C04F79EFBC}") = "MicroRabbitMQ.Banking.Domain", "MicroRabbitMQ.Banking.Domain\MicroRabbitMQ.Banking.Domain.csproj", "{F0AAB140-BDD7-4E99-A68D-F247CCDC62DC}"
EndProject
Global
	GlobalSection(SolutionConfigurationPlatforms) = preSolution
		Debug|Any CPU = Debug|Any CPU
		Release|Any CPU = Release|Any CPU
	EndGlobalSection
	GlobalSection(ProjectConfigurationPlatforms) = postSolution
		{9EF9FEFE-D4CF-4302-B8F3-74376A4555BD}.Debug|Any CPU.ActiveCfg = Debug|Any CPU
		{9EF9FEFE-D4CF-4302-B8F3-74376A4555BD}.Debug|Any CPU.Build.0 = Debug|Any CPU
		{9EF9FEFE-D4CF-4302-B8F3-74376A4555BD}.Release|Any CPU.ActiveCfg = Release|Any CPU
		{9EF9FEFE-D4CF-4302-B8F3-74376A4555BD}.Release|Any CPU.Build.0 = Release|Any CPU
		{F37FB08D-7338-48E3-BD77-D9C6282A0EA0}.Debug|Any CPU.ActiveCfg = Debug|Any CPU
		{F37FB08D-7338-48E3-BD77-D9C6282A0EA0}.Debug|Any CPU.Build.0 = Debug|Any CPU
		{F37FB08D-7338-48E3-BD77-D9C6282A0EA0}.Release|Any CPU.ActiveCfg = Release|Any CPU
		{F37FB08D-7338-48E3-BD77-D9C6282A0EA0}.Release|Any CPU.Build.0 = Release|Any CPU
		{23A8DCAE-1835-4C43-89C8-A968FE9539E7}.Debug|Any CPU.ActiveCfg = Debug|Any CPU
		{23A8DCAE-1835-4C43-89C8-A968FE9539E7}.Debug|Any CPU.Build.0 = Debug|Any CPU
		{23A8DCAE-1835-4C43-89C8-A968FE9539E7}.Release|Any CPU.ActiveCfg = Release|Any CPU
		{23A8DCAE-1835-4C43-89C8-A968FE9539E7}.Release|Any CPU.Build.0 = Release|Any CPU
		{B83F22BF-A5BC-412F-A8DE-59BEBBF39F31}.Debug|Any CPU.ActiveCfg = Debug|Any CPU
		{B83F22BF-A5BC-412F-A8DE-59BEBBF39F31}.Debug|Any CPU.Build.0 = Debug|Any CPU
		{B83F22BF-A5BC-412F-A8DE-59BEBBF39F31}.Release|Any CPU.ActiveCfg = Release|Any CPU
		{B83F22BF-A5BC-412F-A8DE-59BEBBF39F31}.Release|Any CPU.Build.0 = Release|Any CPU
		{E6813805-E2B5-4102-BB7A-0E737A577614}.Debug|Any CPU.ActiveCfg = Debug|Any CPU
		{E6813805-E2B5-4102-BB7A-0E737A577614}.Debug|Any CPU.Build.0 = Debug|Any CPU
		{E6813805-E2B5-4102-BB7A-0E737A577614}.Release|Any CPU.ActiveCfg = Release|Any CPU
		{E6813805-E2B5-4102-BB7A-0E737A577614}.Release|Any CPU.Build.0 = Release|Any CPU
		{7BA351FB-34E0-4F3A-B038-BB2581F9F70A}.Debug|Any CPU.ActiveCfg = Debug|Any CPU
		{7BA351FB-34E0-4F3A-B038-BB2581F9F70A}.Debug|Any CPU.Build.0 = Debug|Any CPU
		{7BA351FB-34E0-4F3A-B038-BB2581F9F70A}.Release|Any CPU.ActiveCfg = Release|Any CPU
		{7BA351FB-34E0-4F3A-B038-BB2581F9F70A}.Release|Any CPU.Build.0 = Release|Any CPU
		{F0AAB140-BDD7-4E99-A68D-F247CCDC62DC}.Debug|Any CPU.ActiveCfg = Debug|Any CPU
		{F0AAB140-BDD7-4E99-A68D-F247CCDC62DC}.Debug|Any CPU.Build.0 = Debug|Any CPU
		{F0AAB140-BDD7-4E99-A68D-F247CCDC62DC}.Release|Any CPU.ActiveCfg = Release|Any CPU
		{F0AAB140-BDD7-4E99-A68D-F247CCDC62DC}.Release|Any CPU.Build.0 = Release|Any CPU
	EndGlobalSection
	GlobalSection(SolutionProperties) = preSolution
		HideSolutionNode = FALSE
	EndGlobalSection
	GlobalSection(NestedProjects) = preSolution
		{9EF9FEFE-D4CF-4302-B8F3-74376A4555BD} = {FFD3A595-DD1C-444E-9BF9-94942F2677C4}
		{F37FB08D-7338-48E3-BD77-D9C6282A0EA0} = {6E7E6564-A310-43B5-BEAF-AF3914D22580}
		{23A8DCAE-1835-4C43-89C8-A968FE9539E7} = {EEE5643B-E8A4-431B-B885-FCCE16AA6110}
		{8199DABF-97B3-42B1-9979-250BBC626EB3} = {4BA11742-9E5E-4C38-AB0C-AC7E90D34A89}
		{CFAE43A2-0261-4E58-8194-FD6E33B4218D} = {8199DABF-97B3-42B1-9979-250BBC626EB3}
		{A0E44DD0-9204-4299-913B-7CDF32D3316C} = {8199DABF-97B3-42B1-9979-250BBC626EB3}
		{9599FD4A-DCF6-40EF-B3D8-487023F4A698} = {8199DABF-97B3-42B1-9979-250BBC626EB3}
		{9EA36F6A-257B-47A6-A5F1-BE26460CACA9} = {8199DABF-97B3-42B1-9979-250BBC626EB3}
		{B83F22BF-A5BC-412F-A8DE-59BEBBF39F31} = {CFAE43A2-0261-4E58-8194-FD6E33B4218D}
		{E6813805-E2B5-4102-BB7A-0E737A577614} = {A0E44DD0-9204-4299-913B-7CDF32D3316C}
		{7BA351FB-34E0-4F3A-B038-BB2581F9F70A} = {9EA36F6A-257B-47A6-A5F1-BE26460CACA9}
		{F0AAB140-BDD7-4E99-A68D-F247CCDC62DC} = {9599FD4A-DCF6-40EF-B3D8-487023F4A698}
	EndGlobalSection
	GlobalSection(ExtensibilityGlobals) = postSolution
		SolutionGuid = {82FD81DC-4BDB-4741-A9AD-81F1B513C9F2}
	EndGlobalSection
EndGlobal
